
Microsoft Visual Studio Solution File, Format Version 12.00
# Visual Studio 2017
Project("{FAE04EC0-301F-11D3-BF4B-00C04F79EFBC}") = "Arduino_7", "Arduino_7.csproj", "{3A7765CC-0929-067C-58FD-C4D45AD96E9F}"
EndProject
Project("{FAE04EC0-301F-11D3-BF4B-00C04F79EFBC}") = "Arduino_7.Editor", "Arduino_7.Editor.csproj", "{F90D3994-B9DF-A6BC-78F8-4B051EC127E6}"
EndProject
Global
	GlobalSection(SolutionConfigurationPlatforms) = preSolution
		Debug|Any CPU = Debug|Any CPU
		Release|Any CPU = Release|Any CPU
	EndGlobalSection
	GlobalSection(ProjectConfigurationPlatforms) = postSolution
		{3A7765CC-0929-067C-58FD-C4D45AD96E9F}.Debug|Any CPU.ActiveCfg = Debug|Any CPU
		{3A7765CC-0929-067C-58FD-C4D45AD96E9F}.Debug|Any CPU.Build.0 = Debug|Any CPU
		{3A7765CC-0929-067C-58FD-C4D45AD96E9F}.Release|Any CPU.ActiveCfg = Release|Any CPU
		{3A7765CC-0929-067C-58FD-C4D45AD96E9F}.Release|Any CPU.Build.0 = Release|Any CPU
		{F90D3994-B9DF-A6BC-78F8-4B051EC127E6}.Debug|Any CPU.ActiveCfg = Debug|Any CPU
		{F90D3994-B9DF-A6BC-78F8-4B051EC127E6}.Debug|Any CPU.Build.0 = Debug|Any CPU
		{F90D3994-B9DF-A6BC-78F8-4B051EC127E6}.Release|Any CPU.ActiveCfg = Release|Any CPU
		{F90D3994-B9DF-A6BC-78F8-4B051EC127E6}.Release|Any CPU.Build.0 = Release|Any CPU
	EndGlobalSection
	GlobalSection(SolutionProperties) = preSolution
		HideSolutionNode = FALSE
	EndGlobalSection
EndGlobal
